
Microsoft Visual Studio Solution File, Format Version 12.00
# Visual Studio Version 17
VisualStudioVersion = 17.10.35013.160
MinimumVisualStudioVersion = 10.0.40219.1
Project("{FAE04EC0-301F-11D3-BF4B-00C04F79EFBC}") = "Vista", "VISTA\Vista.csproj", "{F12CD79B-1567-470D-9F30-CDBBC89CB6BD}"
EndProject
Project("{FAE04EC0-301F-11D3-BF4B-00C04F79EFBC}") = "Controladora", "Controladora\Controladora.csproj", "{57E89F87-40D8-45F3-B8B4-24579B4512D6}"
EndProject
Project("{FAE04EC0-301F-11D3-BF4B-00C04F79EFBC}") = "Entidades", "Entidades\Entidades.csproj", "{8D1BFB14-68B5-401E-9384-C7B15C0B5925}"
EndProject
Project("{FAE04EC0-301F-11D3-BF4B-00C04F79EFBC}") = "Modelo", "Modelo\Modelo.csproj", "{BDDCAC4E-AAD0-4AD7-80D6-F25C960F5128}"
EndProject
Project("{FAE04EC0-301F-11D3-BF4B-00C04F79EFBC}") = "CarFix.Tests", "CarFix.Tests\CarFix.Tests.csproj", "{18CEA35F-FC26-496F-AC5A-231DC53D5F4B}"
EndProject
Global
	GlobalSection(SolutionConfigurationPlatforms) = preSolution
		Debug|Any CPU = Debug|Any CPU
		Release|Any CPU = Release|Any CPU
	EndGlobalSection
	GlobalSection(ProjectConfigurationPlatforms) = postSolution
		{F12CD79B-1567-470D-9F30-CDBBC89CB6BD}.Debug|Any CPU.ActiveCfg = Debug|Any CPU
		{F12CD79B-1567-470D-9F30-CDBBC89CB6BD}.Debug|Any CPU.Build.0 = Debug|Any CPU
		{F12CD79B-1567-470D-9F30-CDBBC89CB6BD}.Release|Any CPU.ActiveCfg = Release|Any CPU
		{F12CD79B-1567-470D-9F30-CDBBC89CB6BD}.Release|Any CPU.Build.0 = Release|Any CPU
		{57E89F87-40D8-45F3-B8B4-24579B4512D6}.Debug|Any CPU.ActiveCfg = Debug|Any CPU
		{57E89F87-40D8-45F3-B8B4-24579B4512D6}.Debug|Any CPU.Build.0 = Debug|Any CPU
		{57E89F87-40D8-45F3-B8B4-24579B4512D6}.Release|Any CPU.ActiveCfg = Release|Any CPU
		{57E89F87-40D8-45F3-B8B4-24579B4512D6}.Release|Any CPU.Build.0 = Release|Any CPU
		{8D1BFB14-68B5-401E-9384-C7B15C0B5925}.Debug|Any CPU.ActiveCfg = Debug|Any CPU
		{8D1BFB14-68B5-401E-9384-C7B15C0B5925}.Debug|Any CPU.Build.0 = Debug|Any CPU
		{8D1BFB14-68B5-401E-9384-C7B15C0B5925}.Release|Any CPU.ActiveCfg = Release|Any CPU
		{8D1BFB14-68B5-401E-9384-C7B15C0B5925}.Release|Any CPU.Build.0 = Release|Any CPU
		{BDDCAC4E-AAD0-4AD7-80D6-F25C960F5128}.Debug|Any CPU.ActiveCfg = Debug|Any CPU
		{BDDCAC4E-AAD0-4AD7-80D6-F25C960F5128}.Debug|Any CPU.Build.0 = Debug|Any CPU
		{BDDCAC4E-AAD0-4AD7-80D6-F25C960F5128}.Release|Any CPU.ActiveCfg = Release|Any CPU
		{BDDCAC4E-AAD0-4AD7-80D6-F25C960F5128}.Release|Any CPU.Build.0 = Release|Any CPU
		{18CEA35F-FC26-496F-AC5A-231DC53D5F4B}.Debug|Any CPU.ActiveCfg = Debug|Any CPU
		{18CEA35F-FC26-496F-AC5A-231DC53D5F4B}.Debug|Any CPU.Build.0 = Debug|Any CPU
		{18CEA35F-FC26-496F-AC5A-231DC53D5F4B}.Release|Any CPU.ActiveCfg = Release|Any CPU
		{18CEA35F-FC26-496F-AC5A-231DC53D5F4B}.Release|Any CPU.Build.0 = Release|Any CPU
	EndGlobalSection
	GlobalSection(SolutionProperties) = preSolution
		HideSolutionNode = FALSE
	EndGlobalSection
	GlobalSection(ExtensibilityGlobals) = postSolution
		SolutionGuid = {D1143E9F-B5B6-4B52-BC5D-19C57D5F94DB}
	EndGlobalSection
EndGlobal
